{
  "name": "workers-site",
  "version": "1.0.0",
  "lockfileVersion": 2,
  "requires": true,
  "packages": {
    "": {
      "version": "1.0.0",
      "license": "MIT",
      "dependencies": {
        "@cloudflare/kv-asset-handler": "~0.0.11"
      }
    },
    "node_modules/@cloudflare/kv-asset-handler": {
      "version": "0.0.11",
      "resolved": "https://registry.npmjs.org/@cloudflare/kv-asset-handler/-/kv-asset-handler-0.0.11.tgz",
      "integrity": "sha512-D2kGr8NF2Er//Mx0c4+8FtOHuLrnwOlpC48TbtyxRSegG/Js15OKoqxxlG9BMUj3V/YSqtN8bUU6pjaRlsoSqg==",
      "dependencies": {
        "@cloudflare/workers-types": "^2.0.0",
        "@types/mime": "^2.0.2",
        "mime": "^2.4.6"
      }
    },
    "node_modules/@cloudflare/workers-types": {
      "version": "2.0.0",
      "resolved": "https://registry.npmjs.org/@cloudflare/workers-types/-/workers-types-2.0.0.tgz",
      "integrity": "sha512-SFUPQzR5aV2TBLP4Re+xNX5KfAGArcRGA44OLulBDnfblEf3J+6kFvdJAQwFhFpqru3wImwT1cX0wahk6EeWTw=="
    },
    "node_modules/@types/mime": {
      "version": "2.0.2",
      "resolved": "https://registry.npmjs.org/@types/mime/-/mime-2.0.2.tgz",
      "integrity": "sha512-4kPlzbljFcsttWEq6aBW0OZe6BDajAmyvr2xknBG92tejQnvdGtT9+kXSZ580DqpxY9qG2xeQVF9Dq0ymUTo5Q=="
    },
    "node_modules/mime": {
      "version": "2.4.6",
      "resolved": "https://registry.npmjs.org/mime/-/mime-2.4.6.tgz",
      "integrity": "sha512-RZKhC3EmpBchfTGBVb8fb+RL2cWyw/32lshnsETttkBAyAUXSGHxbEJWWRXc751DrIxG1q04b8QwMbAwkRPpUA==",
      "bin": {
        "mime": "cli.js"
      },
      "engines": {
        "node": ">=4.0.0"
      }
    }
  },
  "dependencies": {
    "@cloudflare/kv-asset-handler": {
      "version": "0.0.11",
      "resolved": "https://registry.npmjs.org/@cloudflare/kv-asset-handler/-/kv-asset-handler-0.0.11.tgz",
      "integrity": "sha512-D2kGr8NF2Er//Mx0c4+8FtOHuLrnwOlpC48TbtyxRSegG/Js15OKoqxxlG9BMUj3V/YSqtN8bUU6pjaRlsoSqg==",
      "requires": {
        "@cloudflare/workers-types": "^2.0.0",
        "@types/mime": "^2.0.2",
        "mime": "^2.4.6"
      }
    },
    "@cloudflare/workers-types": {
      "version": "2.0.0",
      "resolved": "https://registry.npmjs.org/@cloudflare/workers-types/-/workers-types-2.0.0.tgz",
      "integrity": "sha512-SFUPQzR5aV2TBLP4Re+xNX5KfAGArcRGA44OLulBDnfblEf3J+6kFvdJAQwFhFpqru3wImwT1cX0wahk6EeWTw=="
    },
    "@types/mime": {
      "version": "2.0.2",
      "resolved": "https://registry.npmjs.org/@types/mime/-/mime-2.0.2.tgz",
      "integrity": "sha512-4kPlzbljFcsttWEq6aBW0OZe6BDajAmyvr2xknBG92tejQnvdGtT9+kXSZ580DqpxY9qG2xeQVF9Dq0ymUTo5Q=="
    },
    "mime": {
      "version": "2.4.6",
      "resolved": "https://registry.npmjs.org/mime/-/mime-2.4.6.tgz",
      "integrity": "sha512-RZKhC3EmpBchfTGBVb8fb+RL2cWyw/32lshnsETttkBAyAUXSGHxbEJWWRXc751DrIxG1q04b8QwMbAwkRPpUA=="
    }
  }
}
